
Microsoft Visual Studio Solution File, Format Version 12.00
# Visual Studio 2012
Project("{FAE04EC0-301F-11D3-BF4B-00C04F79EFBC}") = "WPF", "WPF\WPF.csproj", "{821C11F7-CC50-4FA7-8486-8CB1F0D6CD5C}"
EndProject
Project("{FAE04EC0-301F-11D3-BF4B-00C04F79EFBC}") = "LabelMaker", "LabelMaker\LabelMaker.csproj", "{322489F1-A2F7-43F5-ACBC-79FDE65F2337}"
EndProject
Project("{6141683F-8A12-4E36-9623-2EB02B2C2303}") = "Setup", "Setup\Setup.isproj", "{550AE285-A048-40BD-AA90-58D9C264FBD3}"
	ProjectSection(ProjectDependencies) = postProject
		{322489F1-A2F7-43F5-ACBC-79FDE65F2337} = {322489F1-A2F7-43F5-ACBC-79FDE65F2337}
	EndProjectSection
EndProject
Project("{FAE04EC0-301F-11D3-BF4B-00C04F79EFBC}") = "Admin", "Admin\Admin.csproj", "{5B13B457-A949-4B90-B76F-735EC07B8EC5}"
EndProject
Project("{6141683F-8A12-4E36-9623-2EB02B2C2303}") = "AdminSetup", "AdminSetup\AdminSetup.isproj", "{5236DBC1-F8F5-43B0-A641-A7004F77CC68}"
	ProjectSection(ProjectDependencies) = postProject
		{5B13B457-A949-4B90-B76F-735EC07B8EC5} = {5B13B457-A949-4B90-B76F-735EC07B8EC5}
	EndProjectSection
EndProject
Global
	GlobalSection(SolutionConfigurationPlatforms) = preSolution
		CD_ROM|Any CPU = CD_ROM|Any CPU
		Debug|Any CPU = Debug|Any CPU
		DVD-5|Any CPU = DVD-5|Any CPU
		Release|Any CPU = Release|Any CPU
		SingleImage|Any CPU = SingleImage|Any CPU
	EndGlobalSection
	GlobalSection(ProjectConfigurationPlatforms) = postSolution
		{821C11F7-CC50-4FA7-8486-8CB1F0D6CD5C}.CD_ROM|Any CPU.ActiveCfg = Release|Any CPU
		{821C11F7-CC50-4FA7-8486-8CB1F0D6CD5C}.CD_ROM|Any CPU.Build.0 = Release|Any CPU
		{821C11F7-CC50-4FA7-8486-8CB1F0D6CD5C}.Debug|Any CPU.ActiveCfg = Debug|Any CPU
		{821C11F7-CC50-4FA7-8486-8CB1F0D6CD5C}.Debug|Any CPU.Build.0 = Debug|Any CPU
		{821C11F7-CC50-4FA7-8486-8CB1F0D6CD5C}.DVD-5|Any CPU.ActiveCfg = Debug|Any CPU
		{821C11F7-CC50-4FA7-8486-8CB1F0D6CD5C}.DVD-5|Any CPU.Build.0 = Debug|Any CPU
		{821C11F7-CC50-4FA7-8486-8CB1F0D6CD5C}.Release|Any CPU.ActiveCfg = Release|Any CPU
		{821C11F7-CC50-4FA7-8486-8CB1F0D6CD5C}.Release|Any CPU.Build.0 = Release|Any CPU
		{821C11F7-CC50-4FA7-8486-8CB1F0D6CD5C}.SingleImage|Any CPU.ActiveCfg = Release|Any CPU
		{821C11F7-CC50-4FA7-8486-8CB1F0D6CD5C}.SingleImage|Any CPU.Build.0 = Release|Any CPU
		{322489F1-A2F7-43F5-ACBC-79FDE65F2337}.CD_ROM|Any CPU.ActiveCfg = Release|Any CPU
		{322489F1-A2F7-43F5-ACBC-79FDE65F2337}.CD_ROM|Any CPU.Build.0 = Release|Any CPU
		{322489F1-A2F7-43F5-ACBC-79FDE65F2337}.Debug|Any CPU.ActiveCfg = Debug|Any CPU
		{322489F1-A2F7-43F5-ACBC-79FDE65F2337}.Debug|Any CPU.Build.0 = Debug|Any CPU
		{322489F1-A2F7-43F5-ACBC-79FDE65F2337}.DVD-5|Any CPU.ActiveCfg = Debug|Any CPU
		{322489F1-A2F7-43F5-ACBC-79FDE65F2337}.DVD-5|Any CPU.Build.0 = Debug|Any CPU
		{322489F1-A2F7-43F5-ACBC-79FDE65F2337}.Release|Any CPU.ActiveCfg = Release|Any CPU
		{322489F1-A2F7-43F5-ACBC-79FDE65F2337}.Release|Any CPU.Build.0 = Release|Any CPU
		{322489F1-A2F7-43F5-ACBC-79FDE65F2337}.SingleImage|Any CPU.ActiveCfg = Release|Any CPU
		{322489F1-A2F7-43F5-ACBC-79FDE65F2337}.SingleImage|Any CPU.Build.0 = Release|Any CPU
		{550AE285-A048-40BD-AA90-58D9C264FBD3}.CD_ROM|Any CPU.ActiveCfg = CD_ROM
		{550AE285-A048-40BD-AA90-58D9C264FBD3}.CD_ROM|Any CPU.Build.0 = CD_ROM
		{550AE285-A048-40BD-AA90-58D9C264FBD3}.Debug|Any CPU.ActiveCfg = DVD-5
		{550AE285-A048-40BD-AA90-58D9C264FBD3}.Debug|Any CPU.Build.0 = DVD-5
		{550AE285-A048-40BD-AA90-58D9C264FBD3}.DVD-5|Any CPU.ActiveCfg = DVD-5
		{550AE285-A048-40BD-AA90-58D9C264FBD3}.DVD-5|Any CPU.Build.0 = DVD-5
		{550AE285-A048-40BD-AA90-58D9C264FBD3}.Release|Any CPU.ActiveCfg = SingleImage
		{550AE285-A048-40BD-AA90-58D9C264FBD3}.Release|Any CPU.Build.0 = SingleImage
		{550AE285-A048-40BD-AA90-58D9C264FBD3}.SingleImage|Any CPU.ActiveCfg = SingleImage
		{550AE285-A048-40BD-AA90-58D9C264FBD3}.SingleImage|Any CPU.Build.0 = SingleImage
		{5B13B457-A949-4B90-B76F-735EC07B8EC5}.CD_ROM|Any CPU.ActiveCfg = Release|Any CPU
		{5B13B457-A949-4B90-B76F-735EC07B8EC5}.CD_ROM|Any CPU.Build.0 = Release|Any CPU
		{5B13B457-A949-4B90-B76F-735EC07B8EC5}.Debug|Any CPU.ActiveCfg = Debug|Any CPU
		{5B13B457-A949-4B90-B76F-735EC07B8EC5}.Debug|Any CPU.Build.0 = Debug|Any CPU
		{5B13B457-A949-4B90-B76F-735EC07B8EC5}.DVD-5|Any CPU.ActiveCfg = Debug|Any CPU
		{5B13B457-A949-4B90-B76F-735EC07B8EC5}.DVD-5|Any CPU.Build.0 = Debug|Any CPU
		{5B13B457-A949-4B90-B76F-735EC07B8EC5}.Release|Any CPU.ActiveCfg = Release|Any CPU
		{5B13B457-A949-4B90-B76F-735EC07B8EC5}.Release|Any CPU.Build.0 = Release|Any CPU
		{5B13B457-A949-4B90-B76F-735EC07B8EC5}.SingleImage|Any CPU.ActiveCfg = Release|Any CPU
		{5B13B457-A949-4B90-B76F-735EC07B8EC5}.SingleImage|Any CPU.Build.0 = Release|Any CPU
		{5236DBC1-F8F5-43B0-A641-A7004F77CC68}.CD_ROM|Any CPU.ActiveCfg = CD_ROM
		{5236DBC1-F8F5-43B0-A641-A7004F77CC68}.CD_ROM|Any CPU.Build.0 = CD_ROM
		{5236DBC1-F8F5-43B0-A641-A7004F77CC68}.Debug|Any CPU.ActiveCfg = DVD-5
		{5236DBC1-F8F5-43B0-A641-A7004F77CC68}.Debug|Any CPU.Build.0 = DVD-5
		{5236DBC1-F8F5-43B0-A641-A7004F77CC68}.DVD-5|Any CPU.ActiveCfg = DVD-5
		{5236DBC1-F8F5-43B0-A641-A7004F77CC68}.DVD-5|Any CPU.Build.0 = DVD-5
		{5236DBC1-F8F5-43B0-A641-A7004F77CC68}.Release|Any CPU.ActiveCfg = SingleImage
		{5236DBC1-F8F5-43B0-A641-A7004F77CC68}.Release|Any CPU.Build.0 = SingleImage
		{5236DBC1-F8F5-43B0-A641-A7004F77CC68}.SingleImage|Any CPU.ActiveCfg = SingleImage
		{5236DBC1-F8F5-43B0-A641-A7004F77CC68}.SingleImage|Any CPU.Build.0 = SingleImage
	EndGlobalSection
	GlobalSection(SolutionProperties) = preSolution
		HideSolutionNode = FALSE
	EndGlobalSection
EndGlobal
